
Microsoft Visual Studio Solution File, Format Version 12.00
# Visual Studio Version 16
VisualStudioVersion = 25.0.1706.0
MinimumVisualStudioVersion = 10.0.40219.1
Project("{2150E333-8FDC-42A3-9474-1A3956D46DE8}") = "Domain", "Domain", "{96AEF8CC-9B4A-4BDA-BDF7-3C1611DBD753}"
EndProject
Project("{2150E333-8FDC-42A3-9474-1A3956D46DE8}") = "Application", "Application", "{26522BE4-335C-4AD0-BE5F-C72C089A2083}"
EndProject
Project("{2150E333-8FDC-42A3-9474-1A3956D46DE8}") = "Infra.loc", "Infra.loc", "{72032D4D-8FE7-41E0-8943-00B2B94E6A24}"
EndProject
Project("{2150E333-8FDC-42A3-9474-1A3956D46DE8}") = "Presentation", "Presentation", "{EA34446A-AF07-43EC-A5FA-C91F9395FBD0}"
EndProject
Project("{FAE04EC0-301F-11D3-BF4B-00C04F79EFBC}") = "DaneshakrShop.Application", "DaneshakrShop.Application\DaneshakrShop.Application.csproj", "{30561204-0D25-4C8C-AF1E-F1207C7FC887}"
EndProject
Project("{FAE04EC0-301F-11D3-BF4B-00C04F79EFBC}") = "DaneshkarShop.Domain", "DaneshkarShop.Domain\DaneshkarShop.Domain.csproj", "{3FDA0CAC-4BB2-47E0-9FFF-7999EE98E842}"
EndProject
Project("{FAE04EC0-301F-11D3-BF4B-00C04F79EFBC}") = "DaneshkarShop.loc", "DaneshkarShop.Data\DaneshkarShop.loc.csproj", "{95E03F6B-0EDC-4A3C-B4D4-B5934F44B1FE}"
EndProject
Project("{FAE04EC0-301F-11D3-BF4B-00C04F79EFBC}") = "DaneshkarShop.Presentation", "DaneshkarShop.Presentation\DaneshkarShop.Presentation.csproj", "{E811D6FA-899C-419A-8D52-74A1F9E61CB2}"
EndProject
Project("{2150E333-8FDC-42A3-9474-1A3956D46DE8}") = "Infra.Data", "Infra.Data", "{6EB6936B-6B98-4E21-914F-F9FEFCB6F5B6}"
EndProject
Project("{FAE04EC0-301F-11D3-BF4B-00C04F79EFBC}") = "Infra.Data", "Infra.Data\Infra.Data.csproj", "{E21B4EF8-0FC1-4A5B-9655-2E84E8405AAE}"
EndProject
Global
	GlobalSection(SolutionConfigurationPlatforms) = preSolution
		Debug|Any CPU = Debug|Any CPU
		Release|Any CPU = Release|Any CPU
	EndGlobalSection
	GlobalSection(ProjectConfigurationPlatforms) = postSolution
		{30561204-0D25-4C8C-AF1E-F1207C7FC887}.Debug|Any CPU.ActiveCfg = Debug|Any CPU
		{30561204-0D25-4C8C-AF1E-F1207C7FC887}.Debug|Any CPU.Build.0 = Debug|Any CPU
		{30561204-0D25-4C8C-AF1E-F1207C7FC887}.Release|Any CPU.ActiveCfg = Release|Any CPU
		{30561204-0D25-4C8C-AF1E-F1207C7FC887}.Release|Any CPU.Build.0 = Release|Any CPU
		{3FDA0CAC-4BB2-47E0-9FFF-7999EE98E842}.Debug|Any CPU.ActiveCfg = Debug|Any CPU
		{3FDA0CAC-4BB2-47E0-9FFF-7999EE98E842}.Debug|Any CPU.Build.0 = Debug|Any CPU
		{3FDA0CAC-4BB2-47E0-9FFF-7999EE98E842}.Release|Any CPU.ActiveCfg = Release|Any CPU
		{3FDA0CAC-4BB2-47E0-9FFF-7999EE98E842}.Release|Any CPU.Build.0 = Release|Any CPU
		{95E03F6B-0EDC-4A3C-B4D4-B5934F44B1FE}.Debug|Any CPU.ActiveCfg = Debug|Any CPU
		{95E03F6B-0EDC-4A3C-B4D4-B5934F44B1FE}.Debug|Any CPU.Build.0 = Debug|Any CPU
		{95E03F6B-0EDC-4A3C-B4D4-B5934F44B1FE}.Release|Any CPU.ActiveCfg = Release|Any CPU
		{95E03F6B-0EDC-4A3C-B4D4-B5934F44B1FE}.Release|Any CPU.Build.0 = Release|Any CPU
		{E811D6FA-899C-419A-8D52-74A1F9E61CB2}.Debug|Any CPU.ActiveCfg = Debug|Any CPU
		{E811D6FA-899C-419A-8D52-74A1F9E61CB2}.Debug|Any CPU.Build.0 = Debug|Any CPU
		{E811D6FA-899C-419A-8D52-74A1F9E61CB2}.Release|Any CPU.ActiveCfg = Release|Any CPU
		{E811D6FA-899C-419A-8D52-74A1F9E61CB2}.Release|Any CPU.Build.0 = Release|Any CPU
		{E21B4EF8-0FC1-4A5B-9655-2E84E8405AAE}.Debug|Any CPU.ActiveCfg = Debug|Any CPU
		{E21B4EF8-0FC1-4A5B-9655-2E84E8405AAE}.Debug|Any CPU.Build.0 = Debug|Any CPU
		{E21B4EF8-0FC1-4A5B-9655-2E84E8405AAE}.Release|Any CPU.ActiveCfg = Release|Any CPU
		{E21B4EF8-0FC1-4A5B-9655-2E84E8405AAE}.Release|Any CPU.Build.0 = Release|Any CPU
	EndGlobalSection
	GlobalSection(SolutionProperties) = preSolution
		HideSolutionNode = FALSE
	EndGlobalSection
	GlobalSection(ExtensibilityGlobals) = postSolution
		SolutionGuid = {A4416F5F-B41B-4B0E-A4F9-FF3410498A9E}
	EndGlobalSection
	GlobalSection(NestedProjects) = preSolution
		{30561204-0D25-4C8C-AF1E-F1207C7FC887} = {26522BE4-335C-4AD0-BE5F-C72C089A2083}
		{3FDA0CAC-4BB2-47E0-9FFF-7999EE98E842} = {96AEF8CC-9B4A-4BDA-BDF7-3C1611DBD753}
		{95E03F6B-0EDC-4A3C-B4D4-B5934F44B1FE} = {72032D4D-8FE7-41E0-8943-00B2B94E6A24}
		{E811D6FA-899C-419A-8D52-74A1F9E61CB2} = {EA34446A-AF07-43EC-A5FA-C91F9395FBD0}
		{E21B4EF8-0FC1-4A5B-9655-2E84E8405AAE} = {6EB6936B-6B98-4E21-914F-F9FEFCB6F5B6}
	EndGlobalSection
EndGlobal
